
Microsoft Visual Studio Solution File, Format Version 12.00
# Visual Studio Version 17
VisualStudioVersion = 17.14.36623.8 d17.14
MinimumVisualStudioVersion = 10.0.40219.1
Project("{FAE04EC0-301F-11D3-BF4B-00C04F79EFBC}") = "team-overkill-a4-roguelike", "team-overkill-a4-roguelike.csproj", "{593838A2-2242-4D5F-B0E1-2B5C8D80E5C3}"
EndProject
Global
	GlobalSection(SolutionConfigurationPlatforms) = preSolution
		Debug|Any CPU = Debug|Any CPU
		Release|Any CPU = Release|Any CPU
	EndGlobalSection
	GlobalSection(ProjectConfigurationPlatforms) = postSolution
		{593838A2-2242-4D5F-B0E1-2B5C8D80E5C3}.Debug|Any CPU.ActiveCfg = Debug|Any CPU
		{593838A2-2242-4D5F-B0E1-2B5C8D80E5C3}.Debug|Any CPU.Build.0 = Debug|Any CPU
		{593838A2-2242-4D5F-B0E1-2B5C8D80E5C3}.Release|Any CPU.ActiveCfg = Release|Any CPU
		{593838A2-2242-4D5F-B0E1-2B5C8D80E5C3}.Release|Any CPU.Build.0 = Release|Any CPU
	EndGlobalSection
	GlobalSection(SolutionProperties) = preSolution
		HideSolutionNode = FALSE
	EndGlobalSection
	GlobalSection(ExtensibilityGlobals) = postSolution
		SolutionGuid = {E3AF5FC7-F2C5-4A12-9A54-54FA9936CCA0}
	EndGlobalSection
EndGlobal
